
Microsoft Visual Studio Solution File, Format Version 12.00
# Visual Studio Version 16
VisualStudioVersion = 16.0.28922.388
MinimumVisualStudioVersion = 10.0.40219.1
Project("{FAE04EC0-301F-11D3-BF4B-00C04F79EFBC}") = "AnyStore", "AnyStore\AnyStore.csproj", "{C9F52687-4170-44FF-9740-88CF8F2FA0B3}"
EndProject
Global
	GlobalSection(SolutionConfigurationPlatforms) = preSolution
		Debug|Any CPU = Debug|Any CPU
		Release|Any CPU = Release|Any CPU
	EndGlobalSection
	GlobalSection(ProjectConfigurationPlatforms) = postSolution
		{C9F52687-4170-44FF-9740-88CF8F2FA0B3}.Debug|Any CPU.ActiveCfg = Debug|Any CPU
		{C9F52687-4170-44FF-9740-88CF8F2FA0B3}.Debug|Any CPU.Build.0 = Debug|Any CPU
		{C9F52687-4170-44FF-9740-88CF8F2FA0B3}.Release|Any CPU.ActiveCfg = Release|Any CPU
		{C9F52687-4170-44FF-9740-88CF8F2FA0B3}.Release|Any CPU.Build.0 = Release|Any CPU
	EndGlobalSection
	GlobalSection(SolutionProperties) = preSolution
		HideSolutionNode = FALSE
	EndGlobalSection
	GlobalSection(ExtensibilityGlobals) = postSolution
		SolutionGuid = {5786B985-A7B6-47BA-A198-FC395CF91467}
	EndGlobalSection
EndGlobal
